
Microsoft Visual Studio Solution File, Format Version 12.00
# Visual Studio Version 17
VisualStudioVersion = 17.11.35327.3
MinimumVisualStudioVersion = 10.0.40219.1
Project("{9A19103F-16F7-4668-BE54-9A1E7A4F7556}") = "Zaitova", "Zaitova\Zaitova.csproj", "{FB04D0B2-9263-41EB-801C-507D180D52F1}"
EndProject
Project("{9A19103F-16F7-4668-BE54-9A1E7A4F7556}") = "ZaitovaLibrary", "ZaitovaLibrary\ZaitovaLibrary.csproj", "{0B34257B-4F3C-46EA-9098-D54402548C66}"
EndProject
Project("{FAE04EC0-301F-11D3-BF4B-00C04F79EFBC}") = "Zaitova.Tests", "Zaitova.Tests\Zaitova.Tests.csproj", "{3772C3F1-095A-4D3F-96F4-4960B588DD17}"
EndProject
Global
	GlobalSection(SolutionConfigurationPlatforms) = preSolution
		Debug|Any CPU = Debug|Any CPU
		Release|Any CPU = Release|Any CPU
	EndGlobalSection
	GlobalSection(ProjectConfigurationPlatforms) = postSolution
		{FB04D0B2-9263-41EB-801C-507D180D52F1}.Debug|Any CPU.ActiveCfg = Debug|Any CPU
		{FB04D0B2-9263-41EB-801C-507D180D52F1}.Debug|Any CPU.Build.0 = Debug|Any CPU
		{FB04D0B2-9263-41EB-801C-507D180D52F1}.Release|Any CPU.ActiveCfg = Release|Any CPU
		{FB04D0B2-9263-41EB-801C-507D180D52F1}.Release|Any CPU.Build.0 = Release|Any CPU
		{0B34257B-4F3C-46EA-9098-D54402548C66}.Debug|Any CPU.ActiveCfg = Debug|Any CPU
		{0B34257B-4F3C-46EA-9098-D54402548C66}.Debug|Any CPU.Build.0 = Debug|Any CPU
		{0B34257B-4F3C-46EA-9098-D54402548C66}.Release|Any CPU.ActiveCfg = Release|Any CPU
		{0B34257B-4F3C-46EA-9098-D54402548C66}.Release|Any CPU.Build.0 = Release|Any CPU
		{3772C3F1-095A-4D3F-96F4-4960B588DD17}.Debug|Any CPU.ActiveCfg = Debug|Any CPU
		{3772C3F1-095A-4D3F-96F4-4960B588DD17}.Debug|Any CPU.Build.0 = Debug|Any CPU
		{3772C3F1-095A-4D3F-96F4-4960B588DD17}.Release|Any CPU.ActiveCfg = Release|Any CPU
		{3772C3F1-095A-4D3F-96F4-4960B588DD17}.Release|Any CPU.Build.0 = Release|Any CPU
	EndGlobalSection
	GlobalSection(SolutionProperties) = preSolution
		HideSolutionNode = FALSE
	EndGlobalSection
	GlobalSection(ExtensibilityGlobals) = postSolution
		SolutionGuid = {92515658-B801-4A61-9D5C-F74F91443E21}
	EndGlobalSection
EndGlobal
